[[package]]
name = "mlaas-client"
version = "0.0.2"
description = "ML as a service toolkit"
category = "main"
optional = false
python-versions = ">=3.6"

[metadata]
lock-version = "1.1"
python-versions = "^3.10"
content-hash = "782f33755bc7f3a113169924e637587d4b9fee26c662c5b35577d15f7e11d679"

[metadata.files]
mlaas-client = []
